
Microsoft Visual Studio Solution File, Format Version 12.00
# Visual Studio Version 17
VisualStudioVersion = 17.4.33122.133
MinimumVisualStudioVersion = 10.0.40219.1
Project("{FAE04EC0-301F-11D3-BF4B-00C04F79EFBC}") = "DietProject.UI", "DietProject.UI.csproj", "{534970E4-6955-42E6-8B87-555897B5D9D9}"
EndProject
Project("{FAE04EC0-301F-11D3-BF4B-00C04F79EFBC}") = "DietProject.Model", "..\DietProject.Model\DietProject.Model.csproj", "{36898F64-587E-43AF-96CA-D136FDFE203F}"
EndProject
Project("{FAE04EC0-301F-11D3-BF4B-00C04F79EFBC}") = "DietProject.DAL", "..\DietProject.DAL\DietProject.DAL.csproj", "{D2C732D8-28E9-4C24-937A-B45003AF9EA1}"
EndProject
Project("{FAE04EC0-301F-11D3-BF4B-00C04F79EFBC}") = "DietProject.BLL", "..\DietProject.BLL\DietProject.BLL.csproj", "{995F735A-233F-4494-8754-86359B352DF5}"
EndProject
Global
	GlobalSection(SolutionConfigurationPlatforms) = preSolution
		Debug|Any CPU = Debug|Any CPU
		Release|Any CPU = Release|Any CPU
	EndGlobalSection
	GlobalSection(ProjectConfigurationPlatforms) = postSolution
		{534970E4-6955-42E6-8B87-555897B5D9D9}.Debug|Any CPU.ActiveCfg = Debug|Any CPU
		{534970E4-6955-42E6-8B87-555897B5D9D9}.Debug|Any CPU.Build.0 = Debug|Any CPU
		{534970E4-6955-42E6-8B87-555897B5D9D9}.Release|Any CPU.ActiveCfg = Release|Any CPU
		{534970E4-6955-42E6-8B87-555897B5D9D9}.Release|Any CPU.Build.0 = Release|Any CPU
		{36898F64-587E-43AF-96CA-D136FDFE203F}.Debug|Any CPU.ActiveCfg = Debug|Any CPU
		{36898F64-587E-43AF-96CA-D136FDFE203F}.Debug|Any CPU.Build.0 = Debug|Any CPU
		{36898F64-587E-43AF-96CA-D136FDFE203F}.Release|Any CPU.ActiveCfg = Release|Any CPU
		{36898F64-587E-43AF-96CA-D136FDFE203F}.Release|Any CPU.Build.0 = Release|Any CPU
		{D2C732D8-28E9-4C24-937A-B45003AF9EA1}.Debug|Any CPU.ActiveCfg = Debug|Any CPU
		{D2C732D8-28E9-4C24-937A-B45003AF9EA1}.Debug|Any CPU.Build.0 = Debug|Any CPU
		{D2C732D8-28E9-4C24-937A-B45003AF9EA1}.Release|Any CPU.ActiveCfg = Release|Any CPU
		{D2C732D8-28E9-4C24-937A-B45003AF9EA1}.Release|Any CPU.Build.0 = Release|Any CPU
		{995F735A-233F-4494-8754-86359B352DF5}.Debug|Any CPU.ActiveCfg = Debug|Any CPU
		{995F735A-233F-4494-8754-86359B352DF5}.Debug|Any CPU.Build.0 = Debug|Any CPU
		{995F735A-233F-4494-8754-86359B352DF5}.Release|Any CPU.ActiveCfg = Release|Any CPU
		{995F735A-233F-4494-8754-86359B352DF5}.Release|Any CPU.Build.0 = Release|Any CPU
	EndGlobalSection
	GlobalSection(SolutionProperties) = preSolution
		HideSolutionNode = FALSE
	EndGlobalSection
	GlobalSection(ExtensibilityGlobals) = postSolution
		SolutionGuid = {86D5BEB7-BF72-488C-B25C-30686FECEBA6}
	EndGlobalSection
EndGlobal
